
Microsoft Visual Studio Solution File, Format Version 12.00
# Visual Studio Version 16
VisualStudioVersion = 16.0.31911.196
MinimumVisualStudioVersion = 10.0.40219.1
Project("{FAE04EC0-301F-11D3-BF4B-00C04F79EFBC}") = "P512FiorelloBack", "P512FiorelloBack\P512FiorelloBack.csproj", "{D28DEB88-3051-421A-BE63-C2C87C71D306}"
EndProject
Global
	GlobalSection(SolutionConfigurationPlatforms) = preSolution
		Debug|Any CPU = Debug|Any CPU
		Release|Any CPU = Release|Any CPU
	EndGlobalSection
	GlobalSection(ProjectConfigurationPlatforms) = postSolution
		{D28DEB88-3051-421A-BE63-C2C87C71D306}.Debug|Any CPU.ActiveCfg = Debug|Any CPU
		{D28DEB88-3051-421A-BE63-C2C87C71D306}.Debug|Any CPU.Build.0 = Debug|Any CPU
		{D28DEB88-3051-421A-BE63-C2C87C71D306}.Release|Any CPU.ActiveCfg = Release|Any CPU
		{D28DEB88-3051-421A-BE63-C2C87C71D306}.Release|Any CPU.Build.0 = Release|Any CPU
	EndGlobalSection
	GlobalSection(SolutionProperties) = preSolution
		HideSolutionNode = FALSE
	EndGlobalSection
	GlobalSection(ExtensibilityGlobals) = postSolution
		SolutionGuid = {E1B6C629-0705-444C-BD24-DFD268AD4AFA}
	EndGlobalSection
EndGlobal
